Microsoft Visual Studio Solution File, Format Version 12.00
# Visual Studio Version 17
VisualStudioVersion = 17.12.35707.178
MinimumVisualStudioVersion = 10.0.40219.1
Project("{FAE04EC0-301F-11D3-BF4B-00C04F79EFBC}") = "SnooseChosse.AppHost", "SnooseChosse.AppHost\SnooseChosse.AppHost.csproj", "{30754E9C-343A-4C55-8301-8D0E3E00F5E4}"
EndProject
Project("{FAE04EC0-301F-11D3-BF4B-00C04F79EFBC}") = "SnooseChosse.ServiceDefaults", "SnooseChosse.ServiceDefaults\SnooseChosse.ServiceDefaults.csproj", "{66EB4ADA-E53A-4C75-BB1D-DD2348DBCA22}"
EndProject
Project("{FAE04EC0-301F-11D3-BF4B-00C04F79EFBC}") = "ProductService", "ProductService\ProductService.csproj", "{30767EDF-5F2B-4873-9D50-38965690B5CC}"
EndProject
Project("{FAE04EC0-301F-11D3-BF4B-00C04F79EFBC}") = "OrderService", "OrderService\OrderService.csproj", "{05E49203-76C6-42E4-8A83-A83094783235}"
EndProject
Global
	GlobalSection(SolutionConfigurationPlatforms) = preSolution
		Debug|Any CPU = Debug|Any CPU
		Release|Any CPU = Release|Any CPU
	EndGlobalSection
	GlobalSection(ProjectConfigurationPlatforms) = postSolution
		{30754E9C-343A-4C55-8301-8D0E3E00F5E4}.Debug|Any CPU.ActiveCfg = Debug|Any CPU
		{30754E9C-343A-4C55-8301-8D0E3E00F5E4}.Debug|Any CPU.Build.0 = Debug|Any CPU
		{30754E9C-343A-4C55-8301-8D0E3E00F5E4}.Release|Any CPU.ActiveCfg = Release|Any CPU
		{30754E9C-343A-4C55-8301-8D0E3E00F5E4}.Release|Any CPU.Build.0 = Release|Any CPU
		{66EB4ADA-E53A-4C75-BB1D-DD2348DBCA22}.Debug|Any CPU.ActiveCfg = Debug|Any CPU
		{66EB4ADA-E53A-4C75-BB1D-DD2348DBCA22}.Debug|Any CPU.Build.0 = Debug|Any CPU
		{66EB4ADA-E53A-4C75-BB1D-DD2348DBCA22}.Release|Any CPU.ActiveCfg = Release|Any CPU
		{66EB4ADA-E53A-4C75-BB1D-DD2348DBCA22}.Release|Any CPU.Build.0 = Release|Any CPU
		{30767EDF-5F2B-4873-9D50-38965690B5CC}.Debug|Any CPU.ActiveCfg = Debug|Any CPU
		{30767EDF-5F2B-4873-9D50-38965690B5CC}.Debug|Any CPU.Build.0 = Debug|Any CPU
		{30767EDF-5F2B-4873-9D50-38965690B5CC}.Release|Any CPU.ActiveCfg = Release|Any CPU
		{30767EDF-5F2B-4873-9D50-38965690B5CC}.Release|Any CPU.Build.0 = Release|Any CPU
		{05E49203-76C6-42E4-8A83-A83094783235}.Debug|Any CPU.ActiveCfg = Debug|Any CPU
		{05E49203-76C6-42E4-8A83-A83094783235}.Debug|Any CPU.Build.0 = Debug|Any CPU
		{05E49203-76C6-42E4-8A83-A83094783235}.Release|Any CPU.ActiveCfg = Release|Any CPU
		{05E49203-76C6-42E4-8A83-A83094783235}.Release|Any CPU.Build.0 = Release|Any CPU
	EndGlobalSection
	GlobalSection(SolutionProperties) = preSolution
		HideSolutionNode = FALSE
	EndGlobalSection
EndGlobal
